
Microsoft Visual Studio Solution File, Format Version 12.00
# Visual Studio Version 17
VisualStudioVersion = 17.13.35919.96
MinimumVisualStudioVersion = 10.0.40219.1
Project("{FAE04EC0-301F-11D3-BF4B-00C04F79EFBC}") = "MobiMart", "MobiMart\MobiMart.csproj", "{B0F449FC-AFAF-470B-B845-1D43AF9484CE}"
EndProject
Project("{FAE04EC0-301F-11D3-BF4B-00C04F79EFBC}") = "MobiMart.Api", "MobiMart.Api\MobiMart.Api.csproj", "{C71FD630-5236-4720-8C79-24C1032862F8}"
EndProject
Global
	GlobalSection(SolutionConfigurationPlatforms) = preSolution
		Debug|Any CPU = Debug|Any CPU
		Debug|x64 = Debug|x64
		Debug|x86 = Debug|x86
		Release|Any CPU = Release|Any CPU
		Release|x64 = Release|x64
		Release|x86 = Release|x86
	EndGlobalSection
	GlobalSection(ProjectConfigurationPlatforms) = postSolution
		{B0F449FC-AFAF-470B-B845-1D43AF9484CE}.Debug|Any CPU.ActiveCfg = Debug|Any CPU
		{B0F449FC-AFAF-470B-B845-1D43AF9484CE}.Debug|Any CPU.Build.0 = Debug|Any CPU
		{B0F449FC-AFAF-470B-B845-1D43AF9484CE}.Debug|x64.ActiveCfg = Debug|Any CPU
		{B0F449FC-AFAF-470B-B845-1D43AF9484CE}.Debug|x64.Build.0 = Debug|Any CPU
		{B0F449FC-AFAF-470B-B845-1D43AF9484CE}.Debug|x86.ActiveCfg = Debug|Any CPU
		{B0F449FC-AFAF-470B-B845-1D43AF9484CE}.Debug|x86.Build.0 = Debug|Any CPU
		{B0F449FC-AFAF-470B-B845-1D43AF9484CE}.Release|Any CPU.ActiveCfg = Release|Any CPU
		{B0F449FC-AFAF-470B-B845-1D43AF9484CE}.Release|Any CPU.Build.0 = Release|Any CPU
		{B0F449FC-AFAF-470B-B845-1D43AF9484CE}.Release|x64.ActiveCfg = Release|Any CPU
		{B0F449FC-AFAF-470B-B845-1D43AF9484CE}.Release|x64.Build.0 = Release|Any CPU
		{B0F449FC-AFAF-470B-B845-1D43AF9484CE}.Release|x86.ActiveCfg = Release|Any CPU
		{B0F449FC-AFAF-470B-B845-1D43AF9484CE}.Release|x86.Build.0 = Release|Any CPU
		{C71FD630-5236-4720-8C79-24C1032862F8}.Debug|Any CPU.ActiveCfg = Debug|Any CPU
		{C71FD630-5236-4720-8C79-24C1032862F8}.Debug|Any CPU.Build.0 = Debug|Any CPU
		{C71FD630-5236-4720-8C79-24C1032862F8}.Debug|x64.ActiveCfg = Debug|Any CPU
		{C71FD630-5236-4720-8C79-24C1032862F8}.Debug|x64.Build.0 = Debug|Any CPU
		{C71FD630-5236-4720-8C79-24C1032862F8}.Debug|x86.ActiveCfg = Debug|Any CPU
		{C71FD630-5236-4720-8C79-24C1032862F8}.Debug|x86.Build.0 = Debug|Any CPU
		{C71FD630-5236-4720-8C79-24C1032862F8}.Release|Any CPU.ActiveCfg = Release|Any CPU
		{C71FD630-5236-4720-8C79-24C1032862F8}.Release|Any CPU.Build.0 = Release|Any CPU
		{C71FD630-5236-4720-8C79-24C1032862F8}.Release|x64.ActiveCfg = Release|Any CPU
		{C71FD630-5236-4720-8C79-24C1032862F8}.Release|x64.Build.0 = Release|Any CPU
		{C71FD630-5236-4720-8C79-24C1032862F8}.Release|x86.ActiveCfg = Release|Any CPU
		{C71FD630-5236-4720-8C79-24C1032862F8}.Release|x86.Build.0 = Release|Any CPU
	EndGlobalSection
	GlobalSection(SolutionProperties) = preSolution
		HideSolutionNode = FALSE
	EndGlobalSection
	GlobalSection(ExtensibilityGlobals) = postSolution
		SolutionGuid = {EC7998A8-C41B-4C05-BA52-ED23274576A5}
	EndGlobalSection
EndGlobal
